// !$*UTF8*$!
{
	archiveVersion = 1;
	classes = {
	};
	objectVersion = 56;
	objects = {

/* Begin PBXBuildFile section */
		FF384E6B2A6FD04A00802BCD /* CookcademyApp.swift in Sources */ = {isa = PBXBuildFile; fileRef = FF384E6A2A6FD04A00802BCD /* CookcademyApp.swift */; };
		FF384E6D2A6FD04A00802BCD /* RecipesListView.swift in Sources */ = {isa = PBXBuildFile; fileRef = FF384E6C2A6FD04A00802BCD /* RecipesListView.swift */; };
		FF384E6F2A6FD04E00802BCD /* Assets.xcassets in Resources */ = {isa = PBXBuildFile; fileRef = FF384E6E2A6FD04E00802BCD /* Assets.xcassets */; };
		FF384E722A6FD04E00802BCD /* Preview Assets.xcassets in Resources */ = {isa = PBXBuildFile; fileRef = FF384E712A6FD04E00802BCD /* Preview Assets.xcassets */; };
		FF384E792A6FD17400802BCD /* Recipe.swift in Sources */ = {isa = PBXBuildFile; fileRef = FF384E782A6FD17400802BCD /* Recipe.swift */; };
		FF384E7E2A6FDD0A00802BCD /* RecipeData.swift in Sources */ = {isa = PBXBuildFile; fileRef = FF384E7D2A6FDD0A00802BCD /* RecipeData.swift */; };
		FF384E802A6FDF1500802BCD /* RecipeDetailView.swift in Sources */ = {isa = PBXBuildFile; fileRef = FF384E7F2A6FDF1500802BCD /* RecipeDetailView.swift */; };
		FF384E822A701BE700802BCD /* AppColor.swift in Sources */ = {isa = PBXBuildFile; fileRef = FF384E812A701BE700802BCD /* AppColor.swift */; };
		FF384E842A7024F900802BCD /* RecipeCategoryGridView.swift in Sources */ = {isa = PBXBuildFile; fileRef = FF384E832A7024F900802BCD /* RecipeCategoryGridView.swift */; };
		FF384E882A7159CB00802BCD /* ModifyRecipeView.swift in Sources */ = {isa = PBXBuildFile; fileRef = FF384E872A7159CB00802BCD /* ModifyRecipeView.swift */; };
		FF384E8A2A72B8E000802BCD /* ModifyMainInformationView.swift in Sources */ = {isa = PBXBuildFile; fileRef = FF384E892A72B8E000802BCD /* ModifyMainInformationView.swift */; };
/* End PBXBuildFile section */

/* Begin PBXFileReference section */
		FF384E672A6FD04A00802BCD /* Cookcademy.app */ = {isa = PBXFileReference; explicitFileType = wrapper.application; includeInIndex = 0; path = Cookcademy.app; sourceTree = BUILT_PRODUCTS_DIR; };
		FF384E6A2A6FD04A00802BCD /* CookcademyApp.swift */ = {isa = PBXFileReference; lastKnownFileType = sourcecode.swift; path = CookcademyApp.swift; sourceTree = "<group>"; };
		FF384E6C2A6FD04A00802BCD /* RecipesListView.swift */ = {isa = PBXFileReference; lastKnownFileType = sourcecode.swift; path = RecipesListView.swift; sourceTree = "<group>"; };
		FF384E6E2A6FD04E00802BCD /* Assets.xcassets */ = {isa = PBXFileReference; lastKnownFileType = folder.assetcatalog; path = Assets.xcassets; sourceTree = "<group>"; };
		FF384E712A6FD04E00802BCD /* Preview Assets.xcassets */ = {isa = PBXFileReference; lastKnownFileType = folder.assetcatalog; path = "Preview Assets.xcassets"; sourceTree = "<group>"; };
		FF384E782A6FD17400802BCD /* Recipe.swift */ = {isa = PBXFileReference; lastKnownFileType = sourcecode.swift; path = Recipe.swift; sourceTree = "<group>"; };
		FF384E7D2A6FDD0A00802BCD /* RecipeData.swift */ = {isa = PBXFileReference; lastKnownFileType = sourcecode.swift; path = RecipeData.swift; sourceTree = "<group>"; };
		FF384E7F2A6FDF1500802BCD /* RecipeDetailView.swift */ = {isa = PBXFileReference; lastKnownFileType = sourcecode.swift; path = RecipeDetailView.swift; sourceTree = "<group>"; };
		FF384E812A701BE700802BCD /* AppColor.swift */ = {isa = PBXFileReference; lastKnownFileType = sourcecode.swift; path = AppColor.swift; sourceTree = "<group>"; };
		FF384E832A7024F900802BCD /* RecipeCategoryGridView.swift */ = {isa = PBXFileReference; lastKnownFileType = sourcecode.swift; path = RecipeCategoryGridView.swift; sourceTree = "<group>"; };
		FF384E872A7159CB00802BCD /* ModifyRecipeView.swift */ = {isa = PBXFileReference; lastKnownFileType = sourcecode.swift; path = ModifyRecipeView.swift; sourceTree = "<group>"; };
		FF384E892A72B8E000802BCD /* ModifyMainInformationView.swift */ = {isa = PBXFileReference; lastKnownFileType = sourcecode.swift; path = ModifyMainInformationView.swift; sourceTree = "<group>"; };
/* End PBXFileReference section */

/* Begin PBXFrameworksBuildPhase section */
		FF384E642A6FD04A00802BCD /* Frameworks */ = {
			isa = PBXFrameworksBuildPhase;
			buildActionMask = 2147483647;
			files = (
			);
			runOnlyForDeploymentPostprocessing = 0;
		};
/* End PBXFrameworksBuildPhase section */

/* Begin PBXGroup section */
		FF384E5E2A6FD04A00802BCD = {
			isa = PBXGroup;
			children = (
				FF384E692A6FD04A00802BCD /* Cookcademy */,
				FF384E682A6FD04A00802BCD /* Products */,
			);
			sourceTree = "<group>";
		};
		FF384E682A6FD04A00802BCD /* Products */ = {
			isa = PBXGroup;
			children = (
				FF384E672A6FD04A00802BCD /* Cookcademy.app */,
			);
			name = Products;
			sourceTree = "<group>";
		};
		FF384E692A6FD04A00802BCD /* Cookcademy */ = {
			isa = PBXGroup;
			children = (
				FF384E7B2A6FDBFA00802BCD /* ViewModels */,
				FF384E7A2A6FDBED00802BCD /* Views */,
				FF384E7C2A6FDC0D00802BCD /* Models */,
				FF384E6A2A6FD04A00802BCD /* CookcademyApp.swift */,
				FF384E6E2A6FD04E00802BCD /* Assets.xcassets */,
				FF384E702A6FD04E00802BCD /* Preview Content */,
			);
			path = Cookcademy;
			sourceTree = "<group>";
		};
		FF384E702A6FD04E00802BCD /* Preview Content */ = {
			isa = PBXGroup;
			children = (
				FF384E712A6FD04E00802BCD /* Preview Assets.xcassets */,
			);
			path = "Preview Content";
			sourceTree = "<group>";
		};
		FF384E7A2A6FDBED00802BCD /* Views */ = {
			isa = PBXGroup;
			children = (
				FF384E852A71594C00802BCD /* ExploreRecipes */,
				FF384E862A71599F00802BCD /* ModifyRecipes */,
			);
			path = Views;
			sourceTree = "<group>";
		};
		FF384E7B2A6FDBFA00802BCD /* ViewModels */ = {
			isa = PBXGroup;
			children = (
				FF384E7D2A6FDD0A00802BCD /* RecipeData.swift */,
				FF384E812A701BE700802BCD /* AppColor.swift */,
			);
			path = ViewModels;
			sourceTree = "<group>";
		};
		FF384E7C2A6FDC0D00802BCD /* Models */ = {
			isa = PBXGroup;
			children = (
				FF384E782A6FD17400802BCD /* Recipe.swift */,
			);
			path = Models;
			sourceTree = "<group>";
		};
		FF384E852A71594C00802BCD /* ExploreRecipes */ = {
			isa = PBXGroup;
			children = (
				FF384E6C2A6FD04A00802BCD /* RecipesListView.swift */,
				FF384E7F2A6FDF1500802BCD /* RecipeDetailView.swift */,
				FF384E832A7024F900802BCD /* RecipeCategoryGridView.swift */,
			);
			path = ExploreRecipes;
			sourceTree = "<group>";
		};
		FF384E862A71599F00802BCD /* ModifyRecipes */ = {
			isa = PBXGroup;
			children = (
				FF384E872A7159CB00802BCD /* ModifyRecipeView.swift */,
				FF384E892A72B8E000802BCD /* ModifyMainInformationView.swift */,
			);
			path = ModifyRecipes;
			sourceTree = "<group>";
		};
/* End PBXGroup section */

/* Begin PBXNativeTarget section */
		FF384E662A6FD04A00802BCD /* Cookcademy */ = {
			isa = PBXNativeTarget;
			buildConfigurationList = FF384E752A6FD04E00802BCD /* Build configuration list for PBXNativeTarget "Cookcademy" */;
			buildPhases = (
				FF384E632A6FD04A00802BCD /* Sources */,
				FF384E642A6FD04A00802BCD /* Frameworks */,
				FF384E652A6FD04A00802BCD /* Resources */,
			);
			buildRules = (
			);
			dependencies = (
			);
			name = Cookcademy;
			productName = Cookcademy;
			productReference = FF384E672A6FD04A00802BCD /* Cookcademy.app */;
			productType = "com.apple.product-type.application";
		};
/* End PBXNativeTarget section */

/* Begin PBXProject section */
		FF384E5F2A6FD04A00802BCD /* Project object */ = {
			isa = PBXProject;
			attributes = {
				BuildIndependentTargetsInParallel = 1;
				LastSwiftUpdateCheck = 1430;
				LastUpgradeCheck = 1430;
				TargetAttributes = {
					FF384E662A6FD04A00802BCD = {
						CreatedOnToolsVersion = 14.3.1;
					};
				};
			};
			buildConfigurationList = FF384E622A6FD04A00802BCD /* Build configuration list for PBXProject "Cookcademy" */;
			compatibilityVersion = "Xcode 14.0";
			developmentRegion = en;
			hasScannedForEncodings = 0;
			knownRegions = (
				en,
				Base,
			);
			mainGroup = FF384E5E2A6FD04A00802BCD;
			productRefGroup = FF384E682A6FD04A00802BCD /* Products */;
			projectDirPath = "";
			projectRoot = "";
			targets = (
				FF384E662A6FD04A00802BCD /* Cookcademy */,
			);
		};
/* End PBXProject section */

/* Begin PBXResourcesBuildPhase section */
		FF384E652A6FD04A00802BCD /* Resources */ = {
			isa = PBXResourcesBuildPhase;
			buildActionMask = 2147483647;
			files = (
				FF384E722A6FD04E00802BCD /* Preview Assets.xcassets in Resources */,
				FF384E6F2A6FD04E00802BCD /* Assets.xcassets in Resources */,
			);
			runOnlyForDeploymentPostprocessing = 0;
		};
/* End PBXResourcesBuildPhase section */

/* Begin PBXSourcesBuildPhase section */
		FF384E632A6FD04A00802BCD /* Sources */ = {
			isa = PBXSourcesBuildPhase;
			buildActionMask = 2147483647;
			files = (
				FF384E792A6FD17400802BCD /* Recipe.swift in Sources */,
				FF384E802A6FDF1500802BCD /* RecipeDetailView.swift in Sources */,
				FF384E842A7024F900802BCD /* RecipeCategoryGridView.swift in Sources */,
				FF384E7E2A6FDD0A00802BCD /* RecipeData.swift in Sources */,
				FF384E882A7159CB00802BCD /* ModifyRecipeView.swift in Sources */,
				FF384E6D2A6FD04A00802BCD /* RecipesListView.swift in Sources */,
				FF384E6B2A6FD04A00802BCD /* CookcademyApp.swift in Sources */,
				FF384E8A2A72B8E000802BCD /* ModifyMainInformationView.swift in Sources */,
				FF384E822A701BE700802BCD /* AppColor.swift in Sources */,
			);
			runOnlyForDeploymentPostprocessing = 0;
		};
/* End PBXSourcesBuildPhase section */

/* Begin XCBuildConfiguration section */
		FF384E732A6FD04E00802BCD /* Debug */ = {
			isa = XCBuildConfiguration;
			buildSettings = {
				ALWAYS_SEARCH_USER_PATHS = NO;
				CLANG_ANALYZER_NONNULL = YES;
				CLANG_ANALYZER_NUMBER_OBJECT_CONVERSION = YES_AGGRESSIVE;
				CLANG_CXX_LANGUAGE_STANDARD = "gnu++20";
				CLANG_ENABLE_MODULES = YES;
				CLANG_ENABLE_OBJC_ARC = YES;
				CLANG_ENABLE_OBJC_WEAK = YES;
				CLANG_WARN_BLOCK_CAPTURE_AUTORELEASING = YES;
				CLANG_WARN_BOOL_CONVERSION = YES;
				CLANG_WARN_COMMA = YES;
				CLANG_WARN_CONSTANT_CONVERSION = YES;
				CLANG_WARN_DEPRECATED_OBJC_IMPLEMENTATIONS = YES;
				CLANG_WARN_DIRECT_OBJC_ISA_USAGE = YES_ERROR;
				CLANG_WARN_DOCUMENTATION_COMMENTS = YES;
				CLANG_WARN_EMPTY_BODY = YES;
				CLANG_WARN_ENUM_CONVERSION = YES;
				CLANG_WARN_INFINITE_RECURSION = YES;
				CLANG_WARN_INT_CONVERSION = YES;
				CLANG_WARN_NON_LITERAL_NULL_CONVERSION = YES;
				CLANG_WARN_OBJC_IMPLICIT_RETAIN_SELF = YES;
				CLANG_WARN_OBJC_LITERAL_CONVERSION = YES;
				CLANG_WARN_OBJC_ROOT_CLASS = YES_ERROR;
				CLANG_WARN_QUOTED_INCLUDE_IN_FRAMEWORK_HEADER = YES;
				CLANG_WARN_RANGE_LOOP_ANALYSIS = YES;
				CLANG_WARN_STRICT_PROTOTYPES = YES;
				CLANG_WARN_SUSPICIOUS_MOVE = YES;
				CLANG_WARN_UNGUARDED_AVAILABILITY = YES_AGGRESSIVE;
				CLANG_WARN_UNREACHABLE_CODE = YES;
				CLANG_WARN__DUPLICATE_METHOD_MATCH = YES;
				COPY_PHASE_STRIP = NO;
				DEBUG_INFORMATION_FORMAT = dwarf;
				ENABLE_STRICT_OBJC_MSGSEND = YES;
				ENABLE_TESTABILITY = YES;
				GCC_C_LANGUAGE_STANDARD = gnu11;
				GCC_DYNAMIC_NO_PIC = NO;
				GCC_NO_COMMON_BLOCKS = YES;
				GCC_OPTIMIZATION_LEVEL = 0;
				GCC_PREPROCESSOR_DEFINITIONS = (
					"DEBUG=1",
					"$(inherited)",
				);
				GCC_WARN_64_TO_32_BIT_CONVERSION = YES;
				GCC_WARN_ABOUT_RETURN_TYPE = YES_ERROR;
				GCC_WARN_UNDECLARED_SELECTOR = YES;
				GCC_WARN_UNINITIALIZED_AUTOS = YES_AGGRESSIVE;
				GCC_WARN_UNUSED_FUNCTION = YES;
				GCC_WARN_UNUSED_VARIABLE = YES;
				IPHONEOS_DEPLOYMENT_TARGET = 16.4;
				MTL_ENABLE_DEBUG_INFO = INCLUDE_SOURCE;
				MTL_FAST_MATH = YES;
				ONLY_ACTIVE_ARCH = YES;
				SDKROOT = iphoneos;
				SWIFT_ACTIVE_COMPILATION_CONDITIONS = DEBUG;
				SWIFT_OPTIMIZATION_LEVEL = "-Onone";
			};
			name = Debug;
		};
		FF384E742A6FD04E00802BCD /* Release */ = {
			isa = XCBuildConfiguration;
			buildSettings = {
				ALWAYS_SEARCH_USER_PATHS = NO;
				CLANG_ANALYZER_NONNULL = YES;
				CLANG_ANALYZER_NUMBER_OBJECT_CONVERSION = YES_AGGRESSIVE;
				CLANG_CXX_LANGUAGE_STANDARD = "gnu++20";
				CLANG_ENABLE_MODULES = YES;
				CLANG_ENABLE_OBJC_ARC = YES;
				CLANG_ENABLE_OBJC_WEAK = YES;
				CLANG_WARN_BLOCK_CAPTURE_AUTORELEASING = YES;
				CLANG_WARN_BOOL_CONVERSION = YES;
				CLANG_WARN_COMMA = YES;
				CLANG_WARN_CONSTANT_CONVERSION = YES;
				CLANG_WARN_DEPRECATED_OBJC_IMPLEMENTATIONS = YES;
				CLANG_WARN_DIRECT_OBJC_ISA_USAGE = YES_ERROR;
				CLANG_WARN_DOCUMENTATION_COMMENTS = YES;
				CLANG_WARN_EMPTY_BODY = YES;
				CLANG_WARN_ENUM_CONVERSION = YES;
				CLANG_WARN_INFINITE_RECURSION = YES;
				CLANG_WARN_INT_CONVERSION = YES;
				CLANG_WARN_NON_LITERAL_NULL_CONVERSION = YES;
				CLANG_WARN_OBJC_IMPLICIT_RETAIN_SELF = YES;
				CLANG_WARN_OBJC_LITERAL_CONVERSION = YES;
				CLANG_WARN_OBJC_ROOT_CLASS = YES_ERROR;
				CLANG_WARN_QUOTED_INCLUDE_IN_FRAMEWORK_HEADER = YES;
				CLANG_WARN_RANGE_LOOP_ANALYSIS = YES;
				CLANG_WARN_STRICT_PROTOTYPES = YES;
				CLANG_WARN_SUSPICIOUS_MOVE = YES;
				CLANG_WARN_UNGUARDED_AVAILABILITY = YES_AGGRESSIVE;
				CLANG_WARN_UNREACHABLE_CODE = YES;
				CLANG_WARN__DUPLICATE_METHOD_MATCH = YES;
				COPY_PHASE_STRIP = NO;
				DEBUG_INFORMATION_FORMAT = "dwarf-with-dsym";
				ENABLE_NS_ASSERTIONS = NO;
				ENABLE_STRICT_OBJC_MSGSEND = YES;
				GCC_C_LANGUAGE_STANDARD = gnu11;
				GCC_NO_COMMON_BLOCKS = YES;
				GCC_WARN_64_TO_32_BIT_CONVERSION = YES;
				GCC_WARN_ABOUT_RETURN_TYPE = YES_ERROR;
				GCC_WARN_UNDECLARED_SELECTOR = YES;
				GCC_WARN_UNINITIALIZED_AUTOS = YES_AGGRESSIVE;
				GCC_WARN_UNUSED_FUNCTION = YES;
				GCC_WARN_UNUSED_VARIABLE = YES;
				IPHONEOS_DEPLOYMENT_TARGET = 16.4;
				MTL_ENABLE_DEBUG_INFO = NO;
				MTL_FAST_MATH = YES;
				SDKROOT = iphoneos;
				SWIFT_COMPILATION_MODE = wholemodule;
				SWIFT_OPTIMIZATION_LEVEL = "-O";
				VALIDATE_PRODUCT = YES;
			};
			name = Release;
		};
		FF384E762A6FD04E00802BCD /* Debug */ = {
			isa = XCBuildConfiguration;
			buildSettings = {
				ASSETCATALOG_COMPILER_APPICON_NAME = AppIcon;
				ASSETCATALOG_COMPILER_GLOBAL_ACCENT_COLOR_NAME = AccentColor;
				CODE_SIGN_STYLE = Automatic;
				CURRENT_PROJECT_VERSION = 1;
				DEVELOPMENT_ASSET_PATHS = "\"Cookcademy/Preview Content\"";
				DEVELOPMENT_TEAM = 747HSZD85Z;
				ENABLE_PREVIEWS = YES;
				GENERATE_INFOPLIST_FILE = YES;
				INFOPLIST_KEY_UIApplicationSceneManifest_Generation = YES;
				INFOPLIST_KEY_UIApplicationSupportsIndirectInputEvents = YES;
				INFOPLIST_KEY_UILaunchScreen_Generation = YES;
				INFOPLIST_KEY_UISupportedInterfaceOrientations_iPad = "UIInterfaceOrientationPortrait UIInterfaceOrientationPortraitUpsideDown UIInterfaceOrientationLandscapeLeft UIInterfaceOrientationLandscapeRight";
				INFOPLIST_KEY_UISupportedInterfaceOrientations_iPhone = "UIInterfaceOrientationPortrait UIInterfaceOrientationLandscapeLeft UIInterfaceOrientationLandscapeRight";
				LD_RUNPATH_SEARCH_PATHS = (
					"$(inherited)",
					"@executable_path/Frameworks",
				);
				MARKETING_VERSION = 1.0;
				PRODUCT_BUNDLE_IDENTIFIER = com.brychczynski.Cookcademy;
				PRODUCT_NAME = "$(TARGET_NAME)";
				SWIFT_EMIT_LOC_STRINGS = YES;
				SWIFT_VERSION = 5.0;
				TARGETED_DEVICE_FAMILY = "1,2";
			};
			name = Debug;
		};
		FF384E772A6FD04E00802BCD /* Release */ = {
			isa = XCBuildConfiguration;
			buildSettings = {
				ASSETCATALOG_COMPILER_APPICON_NAME = AppIcon;
				ASSETCATALOG_COMPILER_GLOBAL_ACCENT_COLOR_NAME = AccentColor;
				CODE_SIGN_STYLE = Automatic;
				CURRENT_PROJECT_VERSION = 1;
				DEVELOPMENT_ASSET_PATHS = "\"Cookcademy/Preview Content\"";
				DEVELOPMENT_TEAM = 747HSZD85Z;
				ENABLE_PREVIEWS = YES;
				GENERATE_INFOPLIST_FILE = YES;
				INFOPLIST_KEY_UIApplicationSceneManifest_Generation = YES;
				INFOPLIST_KEY_UIApplicationSupportsIndirectInputEvents = YES;
				INFOPLIST_KEY_UILaunchScreen_Generation = YES;
				INFOPLIST_KEY_UISupportedInterfaceOrientations_iPad = "UIInterfaceOrientationPortrait UIInterfaceOrientationPortraitUpsideDown UIInterfaceOrientationLandscapeLeft UIInterfaceOrientationLandscapeRight";
				INFOPLIST_KEY_UISupportedInterfaceOrientations_iPhone = "UIInterfaceOrientationPortrait UIInterfaceOrientationLandscapeLeft UIInterfaceOrientationLandscapeRight";
				LD_RUNPATH_SEARCH_PATHS = (
					"$(inherited)",
					"@executable_path/Frameworks",
				);
				MARKETING_VERSION = 1.0;
				PRODUCT_BUNDLE_IDENTIFIER = com.brychczynski.Cookcademy;
				PRODUCT_NAME = "$(TARGET_NAME)";
				SWIFT_EMIT_LOC_STRINGS = YES;
				SWIFT_VERSION = 5.0;
				TARGETED_DEVICE_FAMILY = "1,2";
			};
			name = Release;
		};
/* End XCBuildConfiguration section */

/* Begin XCConfigurationList section */
		FF384E622A6FD04A00802BCD /* Build configuration list for PBXProject "Cookcademy" */ = {
			isa = XCConfigurationList;
			buildConfigurations = (
				FF384E732A6FD04E00802BCD /* Debug */,
				FF384E742A6FD04E00802BCD /* Release */,
			);
			defaultConfigurationIsVisible = 0;
			defaultConfigurationName = Release;
		};
		FF384E752A6FD04E00802BCD /* Build configuration list for PBXNativeTarget "Cookcademy" */ = {
			isa = XCConfigurationList;
			buildConfigurations = (
				FF384E762A6FD04E00802BCD /* Debug */,
				FF384E772A6FD04E00802BCD /* Release */,
			);
			defaultConfigurationIsVisible = 0;
			defaultConfigurationName = Release;
		};
/* End XCConfigurationList section */
	};
	rootObject = FF384E5F2A6FD04A00802BCD /* Project object */;
}
